
Microsoft Visual Studio Solution File, Format Version 12.00
# Visual Studio 15
VisualStudioVersion = 15.0.27428.2037
MinimumVisualStudioVersion = 10.0.40219.1
Project("{FAE04EC0-301F-11D3-BF4B-00C04F79EFBC}") = "CoreModule", "CoreModule\CoreModule.csproj", "{F1F61346-35DA-4F42-AC26-5AAF3D006A42}"
EndProject
Global
	GlobalSection(SolutionConfigurationPlatforms) = preSolution
		Debug|Any CPU = Debug|Any CPU
		Release|Any CPU = Release|Any CPU
	EndGlobalSection
	GlobalSection(ProjectConfigurationPlatforms) = postSolution
		{F1F61346-35DA-4F42-AC26-5AAF3D006A42}.Debug|Any CPU.ActiveCfg = Debug|Any CPU
		{F1F61346-35DA-4F42-AC26-5AAF3D006A42}.Debug|Any CPU.Build.0 = Debug|Any CPU
		{F1F61346-35DA-4F42-AC26-5AAF3D006A42}.Release|Any CPU.ActiveCfg = Release|Any CPU
		{F1F61346-35DA-4F42-AC26-5AAF3D006A42}.Release|Any CPU.Build.0 = Release|Any CPU
	EndGlobalSection
	GlobalSection(SolutionProperties) = preSolution
		HideSolutionNode = FALSE
	EndGlobalSection
	GlobalSection(ExtensibilityGlobals) = postSolution
		SolutionGuid = {A2AF74D2-4E4A-4A0D-BCB0-A1C00A6EF0E4}
	EndGlobalSection
EndGlobal
